
Microsoft Visual Studio Solution File, Format Version 12.00
Project("{FAE04EC0-301F-11D3-BF4B-00C04F79EFBC}") = "Test2", "Test2.csproj", "{408C53E3-DB0D-41F7-8E9D-974AD9FB72EA}"
EndProject
Global
	GlobalSection(SolutionConfigurationPlatforms) = preSolution
		Debug|Any CPU = Debug|Any CPU
		Release|Any CPU = Release|Any CPU
	EndGlobalSection
	GlobalSection(ProjectConfigurationPlatforms) = postSolution
		{408C53E3-DB0D-41F7-8E9D-974AD9FB72EA}.Debug|Any CPU.ActiveCfg = Debug|Any CPU
		{408C53E3-DB0D-41F7-8E9D-974AD9FB72EA}.Debug|Any CPU.Build.0 = Debug|Any CPU
		{408C53E3-DB0D-41F7-8E9D-974AD9FB72EA}.Release|Any CPU.ActiveCfg = Release|Any CPU
		{408C53E3-DB0D-41F7-8E9D-974AD9FB72EA}.Release|Any CPU.Build.0 = Release|Any CPU
	EndGlobalSection
EndGlobal
